Microsoft Visual Studio Solution File, Format Version 12.00
# Visual Studio Version 17
VisualStudioVersion = 17.5.2.0
MinimumVisualStudioVersion = 10.0.40219.1
Project("{FAE04EC0-301F-11D3-BF4B-00C04F79EFBC}") = "Sequence.Services.State", "Sequence.Services.State.csproj", "{C3F915A8-24BD-194F-F0E3-DA6298825C16}"
EndProject
Global
	GlobalSection(SolutionConfigurationPlatforms) = preSolution
		Debug|Any CPU = Debug|Any CPU
		Release|Any CPU = Release|Any CPU
	EndGlobalSection
	GlobalSection(ProjectConfigurationPlatforms) = postSolution
		{C3F915A8-24BD-194F-F0E3-DA6298825C16}.Debug|Any CPU.ActiveCfg = Debug|Any CPU
		{C3F915A8-24BD-194F-F0E3-DA6298825C16}.Debug|Any CPU.Build.0 = Debug|Any CPU
		{C3F915A8-24BD-194F-F0E3-DA6298825C16}.Release|Any CPU.ActiveCfg = Release|Any CPU
		{C3F915A8-24BD-194F-F0E3-DA6298825C16}.Release|Any CPU.Build.0 = Release|Any CPU
	EndGlobalSection
	GlobalSection(SolutionProperties) = preSolution
		HideSolutionNode = FALSE
	EndGlobalSection
	GlobalSection(ExtensibilityGlobals) = postSolution
		SolutionGuid = {EB697E74-4C40-4740-8C1C-14933EEB7A58}
	EndGlobalSection
EndGlobal
